
Microsoft Visual Studio Solution File, Format Version 12.00
# Visual Studio Version 17
VisualStudioVersion = 17.6.33712.159
MinimumVisualStudioVersion = 10.0.40219.1
Project("{9A19103F-16F7-4668-BE54-9A1E7A4F7556}") = "CMS.Data", "src\CMS.Data\CMS.Data.csproj", "{9F9E3A9D-C029-4B4D-AC81-87803B5530D8}"
EndProject
Project("{9A19103F-16F7-4668-BE54-9A1E7A4F7556}") = "CMS.Common", "src\CMS.Common\CMS.Common.csproj", "{4CFC2282-1C7E-41C4-9321-5AC81916D1AF}"
EndProject
Project("{9A19103F-16F7-4668-BE54-9A1E7A4F7556}") = "Test.CMS.Data", "test\Test.CMS.Data\Test.CMS.Data.csproj", "{7731D01D-0896-4BA6-8FAB-0651292363AF}"
EndProject
Project("{9A19103F-16F7-4668-BE54-9A1E7A4F7556}") = "CMS.Api", "src\CMS.Api\CMS.Api.csproj", "{C5C6A8CE-0811-4D9F-9147-BC5939FDC04A}"
EndProject
Project("{FAE04EC0-301F-11D3-BF4B-00C04F79EFBC}") = "CMS.Service", "src\CMS.Service\CMS.Service.csproj", "{011AFBA6-D35F-4983-8079-83C52196B468}"
EndProject
Global
	GlobalSection(SolutionConfigurationPlatforms) = preSolution
		Debug|Any CPU = Debug|Any CPU
		Release|Any CPU = Release|Any CPU
	EndGlobalSection
	GlobalSection(ProjectConfigurationPlatforms) = postSolution
		{9F9E3A9D-C029-4B4D-AC81-87803B5530D8}.Debug|Any CPU.ActiveCfg = Debug|Any CPU
		{9F9E3A9D-C029-4B4D-AC81-87803B5530D8}.Debug|Any CPU.Build.0 = Debug|Any CPU
		{9F9E3A9D-C029-4B4D-AC81-87803B5530D8}.Release|Any CPU.ActiveCfg = Release|Any CPU
		{9F9E3A9D-C029-4B4D-AC81-87803B5530D8}.Release|Any CPU.Build.0 = Release|Any CPU
		{4CFC2282-1C7E-41C4-9321-5AC81916D1AF}.Debug|Any CPU.ActiveCfg = Debug|Any CPU
		{4CFC2282-1C7E-41C4-9321-5AC81916D1AF}.Debug|Any CPU.Build.0 = Debug|Any CPU
		{4CFC2282-1C7E-41C4-9321-5AC81916D1AF}.Release|Any CPU.ActiveCfg = Release|Any CPU
		{4CFC2282-1C7E-41C4-9321-5AC81916D1AF}.Release|Any CPU.Build.0 = Release|Any CPU
		{7731D01D-0896-4BA6-8FAB-0651292363AF}.Debug|Any CPU.ActiveCfg = Debug|Any CPU
		{7731D01D-0896-4BA6-8FAB-0651292363AF}.Debug|Any CPU.Build.0 = Debug|Any CPU
		{7731D01D-0896-4BA6-8FAB-0651292363AF}.Release|Any CPU.ActiveCfg = Release|Any CPU
		{7731D01D-0896-4BA6-8FAB-0651292363AF}.Release|Any CPU.Build.0 = Release|Any CPU
		{C5C6A8CE-0811-4D9F-9147-BC5939FDC04A}.Debug|Any CPU.ActiveCfg = Debug|Any CPU
		{C5C6A8CE-0811-4D9F-9147-BC5939FDC04A}.Debug|Any CPU.Build.0 = Debug|Any CPU
		{C5C6A8CE-0811-4D9F-9147-BC5939FDC04A}.Release|Any CPU.ActiveCfg = Release|Any CPU
		{C5C6A8CE-0811-4D9F-9147-BC5939FDC04A}.Release|Any CPU.Build.0 = Release|Any CPU
		{011AFBA6-D35F-4983-8079-83C52196B468}.Debug|Any CPU.ActiveCfg = Debug|Any CPU
		{011AFBA6-D35F-4983-8079-83C52196B468}.Debug|Any CPU.Build.0 = Debug|Any CPU
		{011AFBA6-D35F-4983-8079-83C52196B468}.Release|Any CPU.ActiveCfg = Release|Any CPU
		{011AFBA6-D35F-4983-8079-83C52196B468}.Release|Any CPU.Build.0 = Release|Any CPU
	EndGlobalSection
	GlobalSection(SolutionProperties) = preSolution
		HideSolutionNode = FALSE
	EndGlobalSection
	GlobalSection(ExtensibilityGlobals) = postSolution
		SolutionGuid = {36FC8BF7-B1E3-4C40-9C8F-1D5205A8F629}
	EndGlobalSection
EndGlobal
